schema: '2.0'
stages:
  preprocess:
    cmd: python src/preprocess.py data/raw/clients.xls data/processed/data.csv
    deps:
    - path: data/raw/clients.xls
      hash: md5
      md5: 25a64500f543274fd6c9db905bfeb968
      size: 5539328
    - path: src/preprocess.py
      hash: md5
      md5: acc659eee2f4a44b647bc73a55bd45c4
      size: 1535
    outs:
    - path: data/processed/data.csv
      hash: md5
      md5: 93f9487969cce90007ac4eb868fb04b5
      size: 3887399
  train:
    cmd: python src/train.py model/baseline.pkl model/boosting.pkl 
      data/test/X_test.csv data/test/y_test.csv data/processed/data.csv
    deps:
    - path: data/processed/data.csv
      hash: md5
      md5: 93f9487969cce90007ac4eb868fb04b5
      size: 3887399
    - path: src/train.py
      hash: md5
      md5: eac60672f897cb5d62c8e72e01527ae4
      size: 4249
    outs:
    - path: data/test/X_test.csv
      hash: md5
      md5: 1d7b6b9a245fd9eec08676a351bd7a37
      size: 1263830
    - path: data/test/y_test.csv
      hash: md5
      md5: fe82c05c12c697ec327d381fd3ec0d2b
      size: 27028
    - path: model/baseline.pkl
      hash: md5
      md5: b42eb9aefa094c54ba07f4f371a35b7e
      size: 22104
    - path: model/boosting.pkl
      hash: md5
      md5: 63ecbcb3cd4519475e45f96b5dd72700
      size: 11351693
  test:
    cmd: python src/test.py model/baseline.pkl model/boosting.pkl 
      data/test/X_test.csv data/test/y_test.csv metrics/metrics.json
    deps:
    - path: data/test/X_test.csv
      hash: md5
      md5: 1d7b6b9a245fd9eec08676a351bd7a37
      size: 1263830
    - path: data/test/y_test.csv
      hash: md5
      md5: fe82c05c12c697ec327d381fd3ec0d2b
      size: 27028
    - path: model/baseline.pkl
      hash: md5
      md5: b42eb9aefa094c54ba07f4f371a35b7e
      size: 22104
    - path: model/boosting.pkl
      hash: md5
      md5: 63ecbcb3cd4519475e45f96b5dd72700
      size: 11351693
    - path: src/test.py
      hash: md5
      md5: b8da058b6770ab46cd55550ff854cdf3
      size: 2241
    outs:
    - path: metrics/metrics.json
      hash: md5
      md5: a4ec572d91632f668b2118f6eac90de0
      size: 371
